// !$*UTF8*$!
{
	archiveVersion = 1;
	classes = {
	};
	objectVersion = 46;
	objects = {

/* Begin PBXBuildFile section */
		22164E18181ABDA400ECDC0F /* libz.dylib in Frameworks */ = {isa = PBXBuildFile; fileRef = 22164E17181ABDA400ECDC0F /* libz.dylib */; };
		22164E2C181ABEAA00ECDC0F /* ZipKit.h in Headers */ = {isa = PBXBuildFile; fileRef = 22164E2B181ABEAA00ECDC0F /* ZipKit.h */; settings = {ATTRIBUTES = (Public, ); }; };
		CB6F0A1017483A9A00F91524 /* GMAppleDouble+ZKAdditions.h in Headers */ = {isa = PBXBuildFile; fileRef = CB6F09ED17483A9A00F91524 /* GMAppleDouble+ZKAdditions.h */; settings = {ATTRIBUTES = (Public, ); }; };
		CB6F0A1117483A9A00F91524 /* NSData+ZKAdditions.h in Headers */ = {isa = PBXBuildFile; fileRef = CB6F09EE17483A9A00F91524 /* NSData+ZKAdditions.h */; settings = {ATTRIBUTES = (Public, ); }; };
		CB6F0A1217483A9A00F91524 /* NSDate+ZKAdditions.h in Headers */ = {isa = PBXBuildFile; fileRef = CB6F09EF17483A9A00F91524 /* NSDate+ZKAdditions.h */; settings = {ATTRIBUTES = (Public, ); }; };
		CB6F0A1317483A9A00F91524 /* NSDictionary+ZKAdditions.h in Headers */ = {isa = PBXBuildFile; fileRef = CB6F09F017483A9A00F91524 /* NSDictionary+ZKAdditions.h */; settings = {ATTRIBUTES = (Public, ); }; };
		CB6F0A1417483A9A00F91524 /* NSFileHandle+ZKAdditions.h in Headers */ = {isa = PBXBuildFile; fileRef = CB6F09F117483A9A00F91524 /* NSFileHandle+ZKAdditions.h */; settings = {ATTRIBUTES = (Public, ); }; };
		CB6F0A1517483A9A00F91524 /* NSFileManager+ZKAdditions.h in Headers */ = {isa = PBXBuildFile; fileRef = CB6F09F217483A9A00F91524 /* NSFileManager+ZKAdditions.h */; settings = {ATTRIBUTES = (Public, ); }; };
		CB6F0A1617483A9A00F91524 /* NSString+ZKAdditions.h in Headers */ = {isa = PBXBuildFile; fileRef = CB6F09F317483A9A00F91524 /* NSString+ZKAdditions.h */; settings = {ATTRIBUTES = (Public, ); }; };
		CB6F0A1717483A9A00F91524 /* ZKArchive.h in Headers */ = {isa = PBXBuildFile; fileRef = CB6F09F417483A9A00F91524 /* ZKArchive.h */; settings = {ATTRIBUTES = (Public, ); }; };
		CB6F0A1817483A9A00F91524 /* ZKCDHeader.h in Headers */ = {isa = PBXBuildFile; fileRef = CB6F09F517483A9A00F91524 /* ZKCDHeader.h */; };
		CB6F0A1917483A9A00F91524 /* ZKCDTrailer.h in Headers */ = {isa = PBXBuildFile; fileRef = CB6F09F617483A9A00F91524 /* ZKCDTrailer.h */; };
		CB6F0A1A17483A9A00F91524 /* ZKCDTrailer64.h in Headers */ = {isa = PBXBuildFile; fileRef = CB6F09F717483A9A00F91524 /* ZKCDTrailer64.h */; };
		CB6F0A1B17483A9A00F91524 /* ZKCDTrailer64Locator.h in Headers */ = {isa = PBXBuildFile; fileRef = CB6F09F817483A9A00F91524 /* ZKCDTrailer64Locator.h */; };
		CB6F0A1C17483A9A00F91524 /* ZKDataArchive.h in Headers */ = {isa = PBXBuildFile; fileRef = CB6F09F917483A9A00F91524 /* ZKDataArchive.h */; settings = {ATTRIBUTES = (Public, ); }; };
		CB6F0A1D17483A9A00F91524 /* ZKDefs.h in Headers */ = {isa = PBXBuildFile; fileRef = CB6F09FA17483A9A00F91524 /* ZKDefs.h */; settings = {ATTRIBUTES = (Public, ); }; };
		CB6F0A1E17483A9A00F91524 /* ZKFileArchive.h in Headers */ = {isa = PBXBuildFile; fileRef = CB6F09FB17483A9A00F91524 /* ZKFileArchive.h */; settings = {ATTRIBUTES = (Public, ); }; };
		CB6F0A1F17483A9A00F91524 /* ZKLFHeader.h in Headers */ = {isa = PBXBuildFile; fileRef = CB6F09FC17483A9A00F91524 /* ZKLFHeader.h */; };
		CB6F0A2017483A9A00F91524 /* ZKLog.h in Headers */ = {isa = PBXBuildFile; fileRef = CB6F09FD17483A9A00F91524 /* ZKLog.h */; settings = {ATTRIBUTES = (Public, ); }; };
		CB6F0A2217483A9A00F91524 /* GMAppleDouble+ZKAdditions.m in Sources */ = {isa = PBXBuildFile; fileRef = CB6F09FF17483A9A00F91524 /* GMAppleDouble+ZKAdditions.m */; };
		CB6F0A2317483A9A00F91524 /* NSData+ZKAdditions.m in Sources */ = {isa = PBXBuildFile; fileRef = CB6F0A0017483A9A00F91524 /* NSData+ZKAdditions.m */; };
		CB6F0A2417483A9A00F91524 /* NSDate+ZKAdditions.m in Sources */ = {isa = PBXBuildFile; fileRef = CB6F0A0117483A9A00F91524 /* NSDate+ZKAdditions.m */; };
		CB6F0A2517483A9A00F91524 /* NSDictionary+ZKAdditions.m in Sources */ = {isa = PBXBuildFile; fileRef = CB6F0A0217483A9A00F91524 /* NSDictionary+ZKAdditions.m */; };
		CB6F0A2617483A9A00F91524 /* NSFileHandle+ZKAdditions.m in Sources */ = {isa = PBXBuildFile; fileRef = CB6F0A0317483A9A00F91524 /* NSFileHandle+ZKAdditions.m */; };
		CB6F0A2717483A9A00F91524 /* NSFileManager+ZKAdditions.m in Sources */ = {isa = PBXBuildFile; fileRef = CB6F0A0417483A9A00F91524 /* NSFileManager+ZKAdditions.m */; };
		CB6F0A2817483A9A00F91524 /* NSString+ZKAdditions.m in Sources */ = {isa = PBXBuildFile; fileRef = CB6F0A0517483A9A00F91524 /* NSString+ZKAdditions.m */; };
		CB6F0A2917483A9A00F91524 /* ZKArchive.m in Sources */ = {isa = PBXBuildFile; fileRef = CB6F0A0617483A9A00F91524 /* ZKArchive.m */; };
		CB6F0A2A17483A9A00F91524 /* ZKCDHeader.m in Sources */ = {isa = PBXBuildFile; fileRef = CB6F0A0717483A9A00F91524 /* ZKCDHeader.m */; };
		CB6F0A2B17483A9A00F91524 /* ZKCDTrailer.m in Sources */ = {isa = PBXBuildFile; fileRef = CB6F0A0817483A9A00F91524 /* ZKCDTrailer.m */; };
		CB6F0A2C17483A9A00F91524 /* ZKCDTrailer64.m in Sources */ = {isa = PBXBuildFile; fileRef = CB6F0A0917483A9A00F91524 /* ZKCDTrailer64.m */; };
		CB6F0A2D17483A9A00F91524 /* ZKCDTrailer64Locator.m in Sources */ = {isa = PBXBuildFile; fileRef = CB6F0A0A17483A9A00F91524 /* ZKCDTrailer64Locator.m */; };
		CB6F0A2E17483A9A00F91524 /* ZKDataArchive.m in Sources */ = {isa = PBXBuildFile; fileRef = CB6F0A0B17483A9A00F91524 /* ZKDataArchive.m */; };
		CB6F0A2F17483A9A00F91524 /* ZKDefs.m in Sources */ = {isa = PBXBuildFile; fileRef = CB6F0A0C17483A9A00F91524 /* ZKDefs.m */; };
		CB6F0A3017483A9A00F91524 /* ZKFileArchive.m in Sources */ = {isa = PBXBuildFile; fileRef = CB6F0A0D17483A9A00F91524 /* ZKFileArchive.m */; };
		CB6F0A3117483A9A00F91524 /* ZKLFHeader.m in Sources */ = {isa = PBXBuildFile; fileRef = CB6F0A0E17483A9A00F91524 /* ZKLFHeader.m */; };
		CB6F0A3217483A9A00F91524 /* ZKLog.m in Sources */ = {isa = PBXBuildFile; fileRef = CB6F0A0F17483A9A00F91524 /* ZKLog.m */; };
		CB6F0A3E17483CC900F91524 /* COPYING.TXT in Resources */ = {isa = PBXBuildFile; fileRef = CB6F0A3B17483CC900F91524 /* COPYING.TXT */; };
		CB6F0A3F17483CC900F91524 /* GMAppleDouble.h in Headers */ = {isa = PBXBuildFile; fileRef = CB6F0A3C17483CC900F91524 /* GMAppleDouble.h */; settings = {ATTRIBUTES = (Public, ); }; };
		CB6F0A4017483CC900F91524 /* GMAppleDouble.m in Sources */ = {isa = PBXBuildFile; fileRef = CB6F0A3D17483CC900F91524 /* GMAppleDouble.m */; };
		CB6F0A6817483F7200F91524 /* Foundation.framework in Frameworks */ = {isa = PBXBuildFile; fileRef = CB6F09D6174838FC00F91524 /* Foundation.framework */; };
		CB6F0A921748463D00F91524 /* CoreServices.framework in Frameworks */ = {isa = PBXBuildFile; fileRef = CB6F09E61748398400F91524 /* CoreServices.framework */; };
		ED3C235E1E22A8A2004ED064 /* ZipKit iOS.h in Headers */ = {isa = PBXBuildFile; fileRef = ED3C235C1E22A8A2004ED064 /* ZipKit iOS.h */; settings = {ATTRIBUTES = (Public, ); }; };
		ED3C23631E22A8F3004ED064 /* Foundation.framework in Frameworks */ = {isa = PBXBuildFile; fileRef = ED3C23621E22A8F3004ED064 /* Foundation.framework */; };
		ED3C23651E22A90A004ED064 /* libz.tbd in Frameworks */ = {isa = PBXBuildFile; fileRef = ED3C23641E22A90A004ED064 /* libz.tbd */; };
		ED3C23661E22A932004ED064 /* ZipKit.h in Headers */ = {isa = PBXBuildFile; fileRef = 22164E2B181ABEAA00ECDC0F /* ZipKit.h */; settings = {ATTRIBUTES = (Public, ); }; };
		ED3C23671E22A937004ED064 /* ZKDefs.h in Headers */ = {isa = PBXBuildFile; fileRef = CB6F09FA17483A9A00F91524 /* ZKDefs.h */; settings = {ATTRIBUTES = (Public, ); }; };
		ED3C23681E22A93B004ED064 /* ZKDefs.m in Sources */ = {isa = PBXBuildFile; fileRef = CB6F0A0C17483A9A00F91524 /* ZKDefs.m */; };
		ED3C23691E22A95A004ED064 /* NSData+ZKAdditions.h in Headers */ = {isa = PBXBuildFile; fileRef = CB6F09EE17483A9A00F91524 /* NSData+ZKAdditions.h */; settings = {ATTRIBUTES = (Public, ); }; };
		ED3C236A1E22A95E004ED064 /* NSData+ZKAdditions.m in Sources */ = {isa = PBXBuildFile; fileRef = CB6F0A0017483A9A00F91524 /* NSData+ZKAdditions.m */; };
		ED3C236B1E22A966004ED064 /* NSDate+ZKAdditions.m in Sources */ = {isa = PBXBuildFile; fileRef = CB6F0A0117483A9A00F91524 /* NSDate+ZKAdditions.m */; };
		ED3C236C1E22A969004ED064 /* NSDate+ZKAdditions.h in Headers */ = {isa = PBXBuildFile; fileRef = CB6F09EF17483A9A00F91524 /* NSDate+ZKAdditions.h */; settings = {ATTRIBUTES = (Public, ); }; };
		ED3C236D1E22A96D004ED064 /* NSDictionary+ZKAdditions.m in Sources */ = {isa = PBXBuildFile; fileRef = CB6F0A0217483A9A00F91524 /* NSDictionary+ZKAdditions.m */; };
		ED3C236E1E22A96F004ED064 /* NSDictionary+ZKAdditions.h in Headers */ = {isa = PBXBuildFile; fileRef = CB6F09F017483A9A00F91524 /* NSDictionary+ZKAdditions.h */; settings = {ATTRIBUTES = (Public, ); }; };
		ED3C236F1E22A974004ED064 /* NSFileHandle+ZKAdditions.m in Sources */ = {isa = PBXBuildFile; fileRef = CB6F0A0317483A9A00F91524 /* NSFileHandle+ZKAdditions.m */; };
		ED3C23701E22A976004ED064 /* NSFileHandle+ZKAdditions.h in Headers */ = {isa = PBXBuildFile; fileRef = CB6F09F117483A9A00F91524 /* NSFileHandle+ZKAdditions.h */; settings = {ATTRIBUTES = (Public, ); }; };
		ED3C23711E22A979004ED064 /* NSFileManager+ZKAdditions.m in Sources */ = {isa = PBXBuildFile; fileRef = CB6F0A0417483A9A00F91524 /* NSFileManager+ZKAdditions.m */; };
		ED3C23721E22A97C004ED064 /* NSFileManager+ZKAdditions.h in Headers */ = {isa = PBXBuildFile; fileRef = CB6F09F217483A9A00F91524 /* NSFileManager+ZKAdditions.h */; settings = {ATTRIBUTES = (Public, ); }; };
		ED3C23731E22A9A5004ED064 /* NSString+ZKAdditions.m in Sources */ = {isa = PBXBuildFile; fileRef = CB6F0A0517483A9A00F91524 /* NSString+ZKAdditions.m */; };
		ED3C23741E22A9AA004ED064 /* NSString+ZKAdditions.h in Headers */ = {isa = PBXBuildFile; fileRef = CB6F09F317483A9A00F91524 /* NSString+ZKAdditions.h */; settings = {ATTRIBUTES = (Public, ); }; };
		ED3C23751E22A9B5004ED064 /* ZKArchive.m in Sources */ = {isa = PBXBuildFile; fileRef = CB6F0A0617483A9A00F91524 /* ZKArchive.m */; };
		ED3C23761E22A9B7004ED064 /* ZKArchive.h in Headers */ = {isa = PBXBuildFile; fileRef = CB6F09F417483A9A00F91524 /* ZKArchive.h */; settings = {ATTRIBUTES = (Public, ); }; };
		ED3C23771E22A9BD004ED064 /* ZKDataArchive.m in Sources */ = {isa = PBXBuildFile; fileRef = CB6F0A0B17483A9A00F91524 /* ZKDataArchive.m */; };
		ED3C23781E22A9BF004ED064 /* ZKDataArchive.h in Headers */ = {isa = PBXBuildFile; fileRef = CB6F09F917483A9A00F91524 /* ZKDataArchive.h */; settings = {ATTRIBUTES = (Public, ); }; };
		ED3C23791E22A9C4004ED064 /* ZKFileArchive.m in Sources */ = {isa = PBXBuildFile; fileRef = CB6F0A0D17483A9A00F91524 /* ZKFileArchive.m */; };
		ED3C237A1E22A9C9004ED064 /* ZKFileArchive.h in Headers */ = {isa = PBXBuildFile; fileRef = CB6F09FB17483A9A00F91524 /* ZKFileArchive.h */; settings = {ATTRIBUTES = (Public, ); }; };
		ED3C237B1E22A9D1004ED064 /* ZKCDHeader.m in Sources */ = {isa = PBXBuildFile; fileRef = CB6F0A0717483A9A00F91524 /* ZKCDHeader.m */; };
		ED3C237C1E22A9DE004ED064 /* ZKCDTrailer.m in Sources */ = {isa = PBXBuildFile; fileRef = CB6F0A0817483A9A00F91524 /* ZKCDTrailer.m */; };
		ED3C237D1E22A9DE004ED064 /* ZKCDTrailer64.m in Sources */ = {isa = PBXBuildFile; fileRef = CB6F0A0917483A9A00F91524 /* ZKCDTrailer64.m */; };
		ED3C237E1E22A9DE004ED064 /* ZKCDTrailer64Locator.m in Sources */ = {isa = PBXBuildFile; fileRef = CB6F0A0A17483A9A00F91524 /* ZKCDTrailer64Locator.m */; };
		ED3C237F1E22A9DE004ED064 /* ZKLFHeader.m in Sources */ = {isa = PBXBuildFile; fileRef = CB6F0A0E17483A9A00F91524 /* ZKLFHeader.m */; };
		ED3C23801E22A9E3004ED064 /* ZKCDTrailer.h in Headers */ = {isa = PBXBuildFile; fileRef = CB6F09F617483A9A00F91524 /* ZKCDTrailer.h */; };
		ED3C23811E22A9E3004ED064 /* ZKCDTrailer64.h in Headers */ = {isa = PBXBuildFile; fileRef = CB6F09F717483A9A00F91524 /* ZKCDTrailer64.h */; };
		ED3C23821E22A9E3004ED064 /* ZKCDTrailer64Locator.h in Headers */ = {isa = PBXBuildFile; fileRef = CB6F09F817483A9A00F91524 /* ZKCDTrailer64Locator.h */; };
		ED3C23831E22A9E3004ED064 /* ZKLFHeader.h in Headers */ = {isa = PBXBuildFile; fileRef = CB6F09FC17483A9A00F91524 /* ZKLFHeader.h */; };
		ED3C23841E22A9FE004ED064 /* ZKCDHeader.h in Headers */ = {isa = PBXBuildFile; fileRef = CB6F09F517483A9A00F91524 /* ZKCDHeader.h */; };
		ED3C23851E22AA06004ED064 /* ZKLog.m in Sources */ = {isa = PBXBuildFile; fileRef = CB6F0A0F17483A9A00F91524 /* ZKLog.m */; };
		ED3C23861E22AA08004ED064 /* ZKLog.h in Headers */ = {isa = PBXBuildFile; fileRef = CB6F09FD17483A9A00F91524 /* ZKLog.h */; settings = {ATTRIBUTES = (Public, ); }; };
/* End PBXBuildFile section */

/* Begin PBXFileReference section */
		22164E17181ABDA400ECDC0F /* libz.dylib */ = {isa = PBXFileReference; lastKnownFileType = "compiled.mach-o.dylib"; name = libz.dylib; path = usr/lib/libz.dylib; sourceTree = SDKROOT; };
		22164E2B181ABEAA00ECDC0F /* ZipKit.h */ = {isa = PBXFileReference; fileEncoding = 4; lastKnownFileType = sourcecode.c.h; path = ZipKit.h; sourceTree = "<group>"; };
		4C187B4B18D2839900D4AAC1 /* libz.dylib */ = {isa = PBXFileReference; lastKnownFileType = "compiled.mach-o.dylib"; name = libz.dylib; path = Platforms/iPhoneOS.platform/Developer/SDKs/iPhoneOS7.1.sdk/usr/lib/libz.dylib; sourceTree = DEVELOPER_DIR; };
		4C187B4D18D2839E00D4AAC1 /* Foundation.framework */ = {isa = PBXFileReference; lastKnownFileType = wrapper.framework; name = Foundation.framework; path = Platforms/iPhoneOS.platform/Developer/SDKs/iPhoneOS7.1.sdk/System/Library/Frameworks/Foundation.framework; sourceTree = DEVELOPER_DIR; };
		CB6F09CE174838FC00F91524 /* ZipKit.framework */ = {isa = PBXFileReference; explicitFileType = wrapper.framework; includeInIndex = 0; path = ZipKit.framework; sourceTree = BUILT_PRODUCTS_DIR; };
		CB6F09D6174838FC00F91524 /* Foundation.framework */ = {isa = PBXFileReference; lastKnownFileType = wrapper.framework; name = Foundation.framework; path = System/Library/Frameworks/Foundation.framework; sourceTree = SDKROOT; };
		CB6F09D9174838FC00F91524 /* ZipKit-Info.plist */ = {isa = PBXFileReference; lastKnownFileType = text.plist.xml; path = "ZipKit-Info.plist"; sourceTree = "<group>"; };
		CB6F09DD174838FC00F91524 /* ZipKit-Prefix.pch */ = {isa = PBXFileReference; lastKnownFileType = sourcecode.c.h; path = "ZipKit-Prefix.pch"; sourceTree = "<group>"; };
		CB6F09E61748398400F91524 /* CoreServices.framework */ = {isa = PBXFileReference; lastKnownFileType = wrapper.framework; name = CoreServices.framework; path = /System/Library/Frameworks/CoreServices.framework; sourceTree = "<absolute>"; };
		CB6F09ED17483A9A00F91524 /* GMAppleDouble+ZKAdditions.h */ = {isa = PBXFileReference; fileEncoding = 4; lastKnownFileType = sourcecode.c.h; path = "GMAppleDouble+ZKAdditions.h"; sourceTree = "<group>"; };
		CB6F09EE17483A9A00F91524 /* NSData+ZKAdditions.h */ = {isa = PBXFileReference; fileEncoding = 4; lastKnownFileType = sourcecode.c.h; path = "NSData+ZKAdditions.h"; sourceTree = "<group>"; };
		CB6F09EF17483A9A00F91524 /* NSDate+ZKAdditions.h */ = {isa = PBXFileReference; fileEncoding = 4; lastKnownFileType = sourcecode.c.h; path = "NSDate+ZKAdditions.h"; sourceTree = "<group>"; };
		CB6F09F017483A9A00F91524 /* NSDictionary+ZKAdditions.h */ = {isa = PBXFileReference; fileEncoding = 4; lastKnownFileType = sourcecode.c.h; path = "NSDictionary+ZKAdditions.h"; sourceTree = "<group>"; };
		CB6F09F117483A9A00F91524 /* NSFileHandle+ZKAdditions.h */ = {isa = PBXFileReference; fileEncoding = 4; lastKnownFileType = sourcecode.c.h; path = "NSFileHandle+ZKAdditions.h"; sourceTree = "<group>"; };
		CB6F09F217483A9A00F91524 /* NSFileManager+ZKAdditions.h */ = {isa = PBXFileReference; fileEncoding = 4; lastKnownFileType = sourcecode.c.h; path = "NSFileManager+ZKAdditions.h"; sourceTree = "<group>"; };
		CB6F09F317483A9A00F91524 /* NSString+ZKAdditions.h */ = {isa = PBXFileReference; fileEncoding = 4; lastKnownFileType = sourcecode.c.h; path = "NSString+ZKAdditions.h"; sourceTree = "<group>"; };
		CB6F09F417483A9A00F91524 /* ZKArchive.h */ = {isa = PBXFileReference; fileEncoding = 4; lastKnownFileType = sourcecode.c.h; path = ZKArchive.h; sourceTree = "<group>"; };
		CB6F09F517483A9A00F91524 /* ZKCDHeader.h */ = {isa = PBXFileReference; fileEncoding = 4; lastKnownFileType = sourcecode.c.h; path = ZKCDHeader.h; sourceTree = "<group>"; };
		CB6F09F617483A9A00F91524 /* ZKCDTrailer.h */ = {isa = PBXFileReference; fileEncoding = 4; lastKnownFileType = sourcecode.c.h; path = ZKCDTrailer.h; sourceTree = "<group>"; };
		CB6F09F717483A9A00F91524 /* ZKCDTrailer64.h */ = {isa = PBXFileReference; fileEncoding = 4; lastKnownFileType = sourcecode.c.h; path = ZKCDTrailer64.h; sourceTree = "<group>"; };
		CB6F09F817483A9A00F91524 /* ZKCDTrailer64Locator.h */ = {isa = PBXFileReference; fileEncoding = 4; lastKnownFileType = sourcecode.c.h; path = ZKCDTrailer64Locator.h; sourceTree = "<group>"; };
		CB6F09F917483A9A00F91524 /* ZKDataArchive.h */ = {isa = PBXFileReference; fileEncoding = 4; lastKnownFileType = sourcecode.c.h; path = ZKDataArchive.h; sourceTree = "<group>"; };
		CB6F09FA17483A9A00F91524 /* ZKDefs.h */ = {isa = PBXFileReference; fileEncoding = 4; lastKnownFileType = sourcecode.c.h; path = ZKDefs.h; sourceTree = "<group>"; };
		CB6F09FB17483A9A00F91524 /* ZKFileArchive.h */ = {isa = PBXFileReference; fileEncoding = 4; lastKnownFileType = sourcecode.c.h; path = ZKFileArchive.h; sourceTree = "<group>"; };
		CB6F09FC17483A9A00F91524 /* ZKLFHeader.h */ = {isa = PBXFileReference; fileEncoding = 4; lastKnownFileType = sourcecode.c.h; path = ZKLFHeader.h; sourceTree = "<group>"; };
		CB6F09FD17483A9A00F91524 /* ZKLog.h */ = {isa = PBXFileReference; fileEncoding = 4; lastKnownFileType = sourcecode.c.h; path = ZKLog.h; sourceTree = "<group>"; };
		CB6F09FF17483A9A00F91524 /* GMAppleDouble+ZKAdditions.m */ = {isa = PBXFileReference; fileEncoding = 4; lastKnownFileType = sourcecode.c.objc; path = "GMAppleDouble+ZKAdditions.m"; sourceTree = "<group>"; };
		CB6F0A0017483A9A00F91524 /* NSData+ZKAdditions.m */ = {isa = PBXFileReference; fileEncoding = 4; lastKnownFileType = sourcecode.c.objc; path = "NSData+ZKAdditions.m"; sourceTree = "<group>"; };
		CB6F0A0117483A9A00F91524 /* NSDate+ZKAdditions.m */ = {isa = PBXFileReference; fileEncoding = 4; lastKnownFileType = sourcecode.c.objc; path = "NSDate+ZKAdditions.m"; sourceTree = "<group>"; };
		CB6F0A0217483A9A00F91524 /* NSDictionary+ZKAdditions.m */ = {isa = PBXFileReference; fileEncoding = 4; lastKnownFileType = sourcecode.c.objc; path = "NSDictionary+ZKAdditions.m"; sourceTree = "<group>"; };
		CB6F0A0317483A9A00F91524 /* NSFileHandle+ZKAdditions.m */ = {isa = PBXFileReference; fileEncoding = 4; lastKnownFileType = sourcecode.c.objc; path = "NSFileHandle+ZKAdditions.m"; sourceTree = "<group>"; };
		CB6F0A0417483A9A00F91524 /* NSFileManager+ZKAdditions.m */ = {isa = PBXFileReference; fileEncoding = 4; lastKnownFileType = sourcecode.c.objc; path = "NSFileManager+ZKAdditions.m"; sourceTree = "<group>"; };
		CB6F0A0517483A9A00F91524 /* NSString+ZKAdditions.m */ = {isa = PBXFileReference; fileEncoding = 4; lastKnownFileType = sourcecode.c.objc; path = "NSString+ZKAdditions.m"; sourceTree = "<group>"; };
		CB6F0A0617483A9A00F91524 /* ZKArchive.m */ = {isa = PBXFileReference; fileEncoding = 4; lastKnownFileType = sourcecode.c.objc; path = ZKArchive.m; sourceTree = "<group>"; };
		CB6F0A0717483A9A00F91524 /* ZKCDHeader.m */ = {isa = PBXFileReference; fileEncoding = 4; lastKnownFileType = sourcecode.c.objc; path = ZKCDHeader.m; sourceTree = "<group>"; };
		CB6F0A0817483A9A00F91524 /* ZKCDTrailer.m */ = {isa = PBXFileReference; fileEncoding = 4; lastKnownFileType = sourcecode.c.objc; path = ZKCDTrailer.m; sourceTree = "<group>"; };
		CB6F0A0917483A9A00F91524 /* ZKCDTrailer64.m */ = {isa = PBXFileReference; fileEncoding = 4; lastKnownFileType = sourcecode.c.objc; path = ZKCDTrailer64.m; sourceTree = "<group>"; };
		CB6F0A0A17483A9A00F91524 /* ZKCDTrailer64Locator.m */ = {isa = PBXFileReference; fileEncoding = 4; lastKnownFileType = sourcecode.c.objc; path = ZKCDTrailer64Locator.m; sourceTree = "<group>"; };
		CB6F0A0B17483A9A00F91524 /* ZKDataArchive.m */ = {isa = PBXFileReference; fileEncoding = 4; lastKnownFileType = sourcecode.c.objc; path = ZKDataArchive.m; sourceTree = "<group>"; };
		CB6F0A0C17483A9A00F91524 /* ZKDefs.m */ = {isa = PBXFileReference; fileEncoding = 4; lastKnownFileType = sourcecode.c.objc; path = ZKDefs.m; sourceTree = "<group>"; };
		CB6F0A0D17483A9A00F91524 /* ZKFileArchive.m */ = {isa = PBXFileReference; fileEncoding = 4; lastKnownFileType = sourcecode.c.objc; path = ZKFileArchive.m; sourceTree = "<group>"; };
		CB6F0A0E17483A9A00F91524 /* ZKLFHeader.m */ = {isa = PBXFileReference; fileEncoding = 4; lastKnownFileType = sourcecode.c.objc; path = ZKLFHeader.m; sourceTree = "<group>"; };
		CB6F0A0F17483A9A00F91524 /* ZKLog.m */ = {isa = PBXFileReference; fileEncoding = 4; lastKnownFileType = sourcecode.c.objc; path = ZKLog.m; sourceTree = "<group>"; };
		CB6F0A3917483B7900F91524 /* Credits.html */ = {isa = PBXFileReference; lastKnownFileType = text.html; path = Credits.html; sourceTree = "<group>"; };
		CB6F0A3A17483B7900F91524 /* COPYING.TXT */ = {isa = PBXFileReference; lastKnownFileType = text; path = COPYING.TXT; sourceTree = "<group>"; };
		CB6F0A3B17483CC900F91524 /* COPYING.TXT */ = {isa = PBXFileReference; fileEncoding = 4; lastKnownFileType = text; name = COPYING.TXT; path = MacFUSE/COPYING.TXT; sourceTree = "<group>"; };
		CB6F0A3C17483CC900F91524 /* GMAppleDouble.h */ = {isa = PBXFileReference; fileEncoding = 4; lastKnownFileType = sourcecode.c.h; name = GMAppleDouble.h; path = MacFUSE/GMAppleDouble.h; sourceTree = "<group>"; };
		CB6F0A3D17483CC900F91524 /* GMAppleDouble.m */ = {isa = PBXFileReference; fileEncoding = 4; lastKnownFileType = sourcecode.c.objc; name = GMAppleDouble.m; path = MacFUSE/GMAppleDouble.m; sourceTree = "<group>"; };
		CBEAEBDD18204E310017011D /* libz.dylib */ = {isa = PBXFileReference; lastKnownFileType = "compiled.mach-o.dylib"; name = libz.dylib; path = usr/lib/libz.dylib; sourceTree = SDKROOT; };
		CBEAEBDF18204E360017011D /* Foundation.framework */ = {isa = PBXFileReference; lastKnownFileType = wrapper.framework; name = Foundation.framework; path = System/Library/Frameworks/Foundation.framework; sourceTree = SDKROOT; };
		ED3C235A1E22A8A2004ED064 /* ZipKit.framework */ = {isa = PBXFileReference; explicitFileType = wrapper.framework; includeInIndex = 0; path = ZipKit.framework; sourceTree = BUILT_PRODUCTS_DIR; };
		ED3C235C1E22A8A2004ED064 /* ZipKit iOS.h */ = {isa = PBXFileReference; lastKnownFileType = sourcecode.c.h; path = "ZipKit iOS.h"; sourceTree = "<group>"; };
		ED3C235D1E22A8A2004ED064 /* Info.plist */ = {isa = PBXFileReference; lastKnownFileType = text.plist.xml; path = Info.plist; sourceTree = "<group>"; };
		ED3C23621E22A8F3004ED064 /* Foundation.framework */ = {isa = PBXFileReference; lastKnownFileType = wrapper.framework; name = Foundation.framework; path = Platforms/iPhoneOS.platform/Developer/SDKs/iPhoneOS10.2.sdk/System/Library/Frameworks/Foundation.framework; sourceTree = DEVELOPER_DIR; };
		ED3C23641E22A90A004ED064 /* libz.tbd */ = {isa = PBXFileReference; lastKnownFileType = "sourcecode.text-based-dylib-definition"; name = libz.tbd; path = Platforms/iPhoneOS.platform/Developer/SDKs/iPhoneOS10.2.sdk/usr/lib/libz.tbd; sourceTree = DEVELOPER_DIR; };
		ED3C23871E22AAF2004ED064 /* CoreFoundation.framework */ = {isa = PBXFileReference; lastKnownFileType = wrapper.framework; name = CoreFoundation.framework; path = Platforms/iPhoneOS.platform/Developer/SDKs/iPhoneOS10.2.sdk/System/Library/Frameworks/CoreFoundation.framework; sourceTree = DEVELOPER_DIR; };
/* End PBXFileReference section */

/* Begin PBXFrameworksBuildPhase section */
		CB6F09CA174838FC00F91524 /* Frameworks */ = {
			isa = PBXFrameworksBuildPhase;
			buildActionMask = 2147483647;
			files = (
				22164E18181ABDA400ECDC0F /* libz.dylib in Frameworks */,
				CB6F0A6817483F7200F91524 /* Foundation.framework in Frameworks */,
				CB6F0A921748463D00F91524 /* CoreServices.framework in Frameworks */,
			);
			runOnlyForDeploymentPostprocessing = 0;
		};
		ED3C23561E22A8A2004ED064 /* Frameworks */ = {
			isa = PBXFrameworksBuildPhase;
			buildActionMask = 2147483647;
			files = (
				ED3C23651E22A90A004ED064 /* libz.tbd in Frameworks */,
				ED3C23631E22A8F3004ED064 /* Foundation.framework in Frameworks */,
			);
			runOnlyForDeploymentPostprocessing = 0;
		};
/* End PBXFrameworksBuildPhase section */

/* Begin PBXGroup section */
		CB6F09C4174838FC00F91524 = {
			isa = PBXGroup;
			children = (
				CB6F0A3A17483B7900F91524 /* COPYING.TXT */,
				CB6F0A3917483B7900F91524 /* Credits.html */,
				CB6F09D7174838FC00F91524 /* ZipKit */,
				CB6F09D8174838FC00F91524 /* Supporting Files */,
				ED3C235B1E22A8A2004ED064 /* ZipKit iOS */,
				CB6F09D0174838FC00F91524 /* Frameworks */,
				CB6F09CF174838FC00F91524 /* Products */,
			);
			sourceTree = "<group>";
		};
		CB6F09CF174838FC00F91524 /* Products */ = {
			isa = PBXGroup;
			children = (
				CB6F09CE174838FC00F91524 /* ZipKit.framework */,
				ED3C235A1E22A8A2004ED064 /* ZipKit.framework */,
			);
			name = Products;
			sourceTree = "<group>";
		};
		CB6F09D0174838FC00F91524 /* Frameworks */ = {
			isa = PBXGroup;
			children = (
				ED3C23871E22AAF2004ED064 /* CoreFoundation.framework */,
				CBF776171748888A00E6979E /* iOS */,
				CB6F09EC174839FD00F91524 /* OS X */,
			);
			name = Frameworks;
			sourceTree = "<group>";
		};
		CB6F09D7174838FC00F91524 /* ZipKit */ = {
			isa = PBXGroup;
			children = (
				22164E2B181ABEAA00ECDC0F /* ZipKit.h */,
				CB6F09FA17483A9A00F91524 /* ZKDefs.h */,
				CB6F0A0C17483A9A00F91524 /* ZKDefs.m */,
				CB6F0A4117483CCD00F91524 /* MacFUSE */,
				CB6F0A3617483AEF00F91524 /* Categories */,
				CB6F0A3317483AC400F91524 /* Archive Objects */,
				CB6F0A3417483AD300F91524 /* Zip Records */,
				CB6F0A3517483ADE00F91524 /* ZKLog */,
			);
			path = ZipKit;
			sourceTree = "<group>";
		};
		CB6F09D8174838FC00F91524 /* Supporting Files */ = {
			isa = PBXGroup;
			children = (
				CB6F09D9174838FC00F91524 /* ZipKit-Info.plist */,
				CB6F09DD174838FC00F91524 /* ZipKit-Prefix.pch */,
			);
			name = "Supporting Files";
			path = ZipKit;
			sourceTree = "<group>";
		};
		CB6F09EC174839FD00F91524 /* OS X */ = {
			isa = PBXGroup;
			children = (
				22164E17181ABDA400ECDC0F /* libz.dylib */,
				CB6F09D6174838FC00F91524 /* Foundation.framework */,
				CB6F09E61748398400F91524 /* CoreServices.framework */,
			);
			name = "OS X";
			sourceTree = "<group>";
		};
		CB6F0A3317483AC400F91524 /* Archive Objects */ = {
			isa = PBXGroup;
			children = (
				CB6F09F417483A9A00F91524 /* ZKArchive.h */,
				CB6F0A0617483A9A00F91524 /* ZKArchive.m */,
				CB6F09F917483A9A00F91524 /* ZKDataArchive.h */,
				CB6F0A0B17483A9A00F91524 /* ZKDataArchive.m */,
				CB6F09FB17483A9A00F91524 /* ZKFileArchive.h */,
				CB6F0A0D17483A9A00F91524 /* ZKFileArchive.m */,
			);
			name = "Archive Objects";
			sourceTree = "<group>";
		};
		CB6F0A3417483AD300F91524 /* Zip Records */ = {
			isa = PBXGroup;
			children = (
				CB6F09F517483A9A00F91524 /* ZKCDHeader.h */,
				CB6F0A0717483A9A00F91524 /* ZKCDHeader.m */,
				CB6F09F617483A9A00F91524 /* ZKCDTrailer.h */,
				CB6F0A0817483A9A00F91524 /* ZKCDTrailer.m */,
				CB6F09F717483A9A00F91524 /* ZKCDTrailer64.h */,
				CB6F0A0917483A9A00F91524 /* ZKCDTrailer64.m */,
				CB6F09F817483A9A00F91524 /* ZKCDTrailer64Locator.h */,
				CB6F0A0A17483A9A00F91524 /* ZKCDTrailer64Locator.m */,
				CB6F09FC17483A9A00F91524 /* ZKLFHeader.h */,
				CB6F0A0E17483A9A00F91524 /* ZKLFHeader.m */,
			);
			name = "Zip Records";
			sourceTree = "<group>";
		};
		CB6F0A3517483ADE00F91524 /* ZKLog */ = {
			isa = PBXGroup;
			children = (
				CB6F09FD17483A9A00F91524 /* ZKLog.h */,
				CB6F0A0F17483A9A00F91524 /* ZKLog.m */,
			);
			name = ZKLog;
			sourceTree = "<group>";
		};
		CB6F0A3617483AEF00F91524 /* Categories */ = {
			isa = PBXGroup;
			children = (
				CB6F09ED17483A9A00F91524 /* GMAppleDouble+ZKAdditions.h */,
				CB6F09FF17483A9A00F91524 /* GMAppleDouble+ZKAdditions.m */,
				CB6F09EE17483A9A00F91524 /* NSData+ZKAdditions.h */,
				CB6F0A0017483A9A00F91524 /* NSData+ZKAdditions.m */,
				CB6F09EF17483A9A00F91524 /* NSDate+ZKAdditions.h */,
				CB6F0A0117483A9A00F91524 /* NSDate+ZKAdditions.m */,
				CB6F09F017483A9A00F91524 /* NSDictionary+ZKAdditions.h */,
				CB6F0A0217483A9A00F91524 /* NSDictionary+ZKAdditions.m */,
				CB6F09F117483A9A00F91524 /* NSFileHandle+ZKAdditions.h */,
				CB6F0A0317483A9A00F91524 /* NSFileHandle+ZKAdditions.m */,
				CB6F09F217483A9A00F91524 /* NSFileManager+ZKAdditions.h */,
				CB6F0A0417483A9A00F91524 /* NSFileManager+ZKAdditions.m */,
				CB6F09F317483A9A00F91524 /* NSString+ZKAdditions.h */,
				CB6F0A0517483A9A00F91524 /* NSString+ZKAdditions.m */,
			);
			name = Categories;
			sourceTree = "<group>";
		};
		CB6F0A4117483CCD00F91524 /* MacFUSE */ = {
			isa = PBXGroup;
			children = (
				CB6F0A3B17483CC900F91524 /* COPYING.TXT */,
				CB6F0A3C17483CC900F91524 /* GMAppleDouble.h */,
				CB6F0A3D17483CC900F91524 /* GMAppleDouble.m */,
			);
			name = MacFUSE;
			sourceTree = "<group>";
		};
		CBF776171748888A00E6979E /* iOS */ = {
			isa = PBXGroup;
			children = (
				4C187B4D18D2839E00D4AAC1 /* Foundation.framework */,
				4C187B4B18D2839900D4AAC1 /* libz.dylib */,
				ED3C23641E22A90A004ED064 /* libz.tbd */,
				ED3C23621E22A8F3004ED064 /* Foundation.framework */,
				CBEAEBDD18204E310017011D /* libz.dylib */,
				CBEAEBDF18204E360017011D /* Foundation.framework */,
			);
			name = iOS;
			sourceTree = "<group>";
		};
		ED3C235B1E22A8A2004ED064 /* ZipKit iOS */ = {
			isa = PBXGroup;
			children = (
				ED3C235C1E22A8A2004ED064 /* ZipKit iOS.h */,
				ED3C235D1E22A8A2004ED064 /* Info.plist */,
			);
			path = "ZipKit iOS";
			sourceTree = "<group>";
		};
/* End PBXGroup section */

/* Begin PBXHeadersBuildPhase section */
		CB6F09CB174838FC00F91524 /* Headers */ = {
			isa = PBXHeadersBuildPhase;
			buildActionMask = 2147483647;
			files = (
				CB6F0A1017483A9A00F91524 /* GMAppleDouble+ZKAdditions.h in Headers */,
				CB6F0A1117483A9A00F91524 /* NSData+ZKAdditions.h in Headers */,
				CB6F0A1217483A9A00F91524 /* NSDate+ZKAdditions.h in Headers */,
				CB6F0A1317483A9A00F91524 /* NSDictionary+ZKAdditions.h in Headers */,
				CB6F0A1417483A9A00F91524 /* NSFileHandle+ZKAdditions.h in Headers */,
				CB6F0A1517483A9A00F91524 /* NSFileManager+ZKAdditions.h in Headers */,
				CB6F0A1617483A9A00F91524 /* NSString+ZKAdditions.h in Headers */,
				22164E2C181ABEAA00ECDC0F /* ZipKit.h in Headers */,
				CB6F0A1717483A9A00F91524 /* ZKArchive.h in Headers */,
				CB6F0A1817483A9A00F91524 /* ZKCDHeader.h in Headers */,
				CB6F0A1917483A9A00F91524 /* ZKCDTrailer.h in Headers */,
				CB6F0A1A17483A9A00F91524 /* ZKCDTrailer64.h in Headers */,
				CB6F0A1B17483A9A00F91524 /* ZKCDTrailer64Locator.h in Headers */,
				CB6F0A1C17483A9A00F91524 /* ZKDataArchive.h in Headers */,
				CB6F0A1D17483A9A00F91524 /* ZKDefs.h in Headers */,
				CB6F0A1E17483A9A00F91524 /* ZKFileArchive.h in Headers */,
				CB6F0A1F17483A9A00F91524 /* ZKLFHeader.h in Headers */,
				CB6F0A2017483A9A00F91524 /* ZKLog.h in Headers */,
				CB6F0A3F17483CC900F91524 /* GMAppleDouble.h in Headers */,
			);
			runOnlyForDeploymentPostprocessing = 0;
		};
		ED3C23571E22A8A2004ED064 /* Headers */ = {
			isa = PBXHeadersBuildPhase;
			buildActionMask = 2147483647;
			files = (
				ED3C23861E22AA08004ED064 /* ZKLog.h in Headers */,
				ED3C237A1E22A9C9004ED064 /* ZKFileArchive.h in Headers */,
				ED3C23801E22A9E3004ED064 /* ZKCDTrailer.h in Headers */,
				ED3C23831E22A9E3004ED064 /* ZKLFHeader.h in Headers */,
				ED3C23781E22A9BF004ED064 /* ZKDataArchive.h in Headers */,
				ED3C23701E22A976004ED064 /* NSFileHandle+ZKAdditions.h in Headers */,
				ED3C23811E22A9E3004ED064 /* ZKCDTrailer64.h in Headers */,
				ED3C23821E22A9E3004ED064 /* ZKCDTrailer64Locator.h in Headers */,
				ED3C236E1E22A96F004ED064 /* NSDictionary+ZKAdditions.h in Headers */,
				ED3C236C1E22A969004ED064 /* NSDate+ZKAdditions.h in Headers */,
				ED3C23841E22A9FE004ED064 /* ZKCDHeader.h in Headers */,
				ED3C23691E22A95A004ED064 /* NSData+ZKAdditions.h in Headers */,
				ED3C23721E22A97C004ED064 /* NSFileManager+ZKAdditions.h in Headers */,
				ED3C23671E22A937004ED064 /* ZKDefs.h in Headers */,
				ED3C23761E22A9B7004ED064 /* ZKArchive.h in Headers */,
				ED3C23741E22A9AA004ED064 /* NSString+ZKAdditions.h in Headers */,
				ED3C235E1E22A8A2004ED064 /* ZipKit iOS.h in Headers */,
				ED3C23661E22A932004ED064 /* ZipKit.h in Headers */,
			);
			runOnlyForDeploymentPostprocessing = 0;
		};
/* End PBXHeadersBuildPhase section */

/* Begin PBXNativeTarget section */
		CB6F09CD174838FC00F91524 /* ZipKit macOS */ = {
			isa = PBXNativeTarget;
			buildConfigurationList = CB6F09E3174838FC00F91524 /* Build configuration list for PBXNativeTarget "ZipKit macOS" */;
			buildPhases = (
				CB6F09C9174838FC00F91524 /* Sources */,
				CB6F09CA174838FC00F91524 /* Frameworks */,
				CB6F09CB174838FC00F91524 /* Headers */,
				CB6F09CC174838FC00F91524 /* Resources */,
			);
			buildRules = (
			);
			dependencies = (
			);
			name = "ZipKit macOS";
			productName = ZipKit;
			productReference = CB6F09CE174838FC00F91524 /* ZipKit.framework */;
			productType = "com.apple.product-type.framework";
		};
		ED3C23591E22A8A2004ED064 /* ZipKit iOS */ = {
			isa = PBXNativeTarget;
			buildConfigurationList = ED3C23611E22A8A2004ED064 /* Build configuration list for PBXNativeTarget "ZipKit iOS" */;
			buildPhases = (
				ED3C23551E22A8A2004ED064 /* Sources */,
				ED3C23561E22A8A2004ED064 /* Frameworks */,
				ED3C23571E22A8A2004ED064 /* Headers */,
				ED3C23581E22A8A2004ED064 /* Resources */,
			);
			buildRules = (
			);
			dependencies = (
			);
			name = "ZipKit iOS";
			productName = "ZipKit iOS";
			productReference = ED3C235A1E22A8A2004ED064 /* ZipKit.framework */;
			productType = "com.apple.product-type.framework";
		};
/* End PBXNativeTarget section */

/* Begin PBXProject section */
		CB6F09C5174838FC00F91524 /* Project object */ = {
			isa = PBXProject;
			attributes = {
				LastUpgradeCheck = 0820;
				ORGANIZATIONNAME = "Karl Moskowski";
				TargetAttributes = {
					ED3C23591E22A8A2004ED064 = {
						CreatedOnToolsVersion = 8.2.1;
						ProvisioningStyle = Manual;
					};
				};
			};
			buildConfigurationList = CB6F09C8174838FC00F91524 /* Build configuration list for PBXProject "ZipKit" */;
			compatibilityVersion = "Xcode 3.2";
			developmentRegion = English;
			hasScannedForEncodings = 0;
			knownRegions = (
				en,
			);
			mainGroup = CB6F09C4174838FC00F91524;
			productRefGroup = CB6F09CF174838FC00F91524 /* Products */;
			projectDirPath = "";
			projectRoot = "";
			targets = (
				CB6F09CD174838FC00F91524 /* ZipKit macOS */,
				ED3C23591E22A8A2004ED064 /* ZipKit iOS */,
			);
		};
/* End PBXProject section */

/* Begin PBXResourcesBuildPhase section */
		CB6F09CC174838FC00F91524 /* Resources */ = {
			isa = PBXResourcesBuildPhase;
			buildActionMask = 2147483647;
			files = (
				CB6F0A3E17483CC900F91524 /* COPYING.TXT in Resources */,
			);
			runOnlyForDeploymentPostprocessing = 0;
		};
		ED3C23581E22A8A2004ED064 /* Resources */ = {
			isa = PBXResourcesBuildPhase;
			buildActionMask = 2147483647;
			files = (
			);
			runOnlyForDeploymentPostprocessing = 0;
		};
/* End PBXResourcesBuildPhase section */

/* Begin PBXSourcesBuildPhase section */
		CB6F09C9174838FC00F91524 /* Sources */ = {
			isa = PBXSourcesBuildPhase;
			buildActionMask = 2147483647;
			files = (
				CB6F0A2217483A9A00F91524 /* GMAppleDouble+ZKAdditions.m in Sources */,
				CB6F0A2317483A9A00F91524 /* NSData+ZKAdditions.m in Sources */,
				CB6F0A2417483A9A00F91524 /* NSDate+ZKAdditions.m in Sources */,
				CB6F0A2517483A9A00F91524 /* NSDictionary+ZKAdditions.m in Sources */,
				CB6F0A2617483A9A00F91524 /* NSFileHandle+ZKAdditions.m in Sources */,
				CB6F0A2717483A9A00F91524 /* NSFileManager+ZKAdditions.m in Sources */,
				CB6F0A2817483A9A00F91524 /* NSString+ZKAdditions.m in Sources */,
				CB6F0A2917483A9A00F91524 /* ZKArchive.m in Sources */,
				CB6F0A2A17483A9A00F91524 /* ZKCDHeader.m in Sources */,
				CB6F0A2B17483A9A00F91524 /* ZKCDTrailer.m in Sources */,
				CB6F0A2C17483A9A00F91524 /* ZKCDTrailer64.m in Sources */,
				CB6F0A2D17483A9A00F91524 /* ZKCDTrailer64Locator.m in Sources */,
				CB6F0A2E17483A9A00F91524 /* ZKDataArchive.m in Sources */,
				CB6F0A2F17483A9A00F91524 /* ZKDefs.m in Sources */,
				CB6F0A3017483A9A00F91524 /* ZKFileArchive.m in Sources */,
				CB6F0A3117483A9A00F91524 /* ZKLFHeader.m in Sources */,
				CB6F0A3217483A9A00F91524 /* ZKLog.m in Sources */,
				CB6F0A4017483CC900F91524 /* GMAppleDouble.m in Sources */,
			);
			runOnlyForDeploymentPostprocessing = 0;
		};
		ED3C23551E22A8A2004ED064 /* Sources */ = {
			isa = PBXSourcesBuildPhase;
			buildActionMask = 2147483647;
			files = (
				ED3C237D1E22A9DE004ED064 /* ZKCDTrailer64.m in Sources */,
				ED3C236B1E22A966004ED064 /* NSDate+ZKAdditions.m in Sources */,
				ED3C23681E22A93B004ED064 /* ZKDefs.m in Sources */,
				ED3C236A1E22A95E004ED064 /* NSData+ZKAdditions.m in Sources */,
				ED3C237C1E22A9DE004ED064 /* ZKCDTrailer.m in Sources */,
				ED3C23791E22A9C4004ED064 /* ZKFileArchive.m in Sources */,
				ED3C237E1E22A9DE004ED064 /* ZKCDTrailer64Locator.m in Sources */,
				ED3C23771E22A9BD004ED064 /* ZKDataArchive.m in Sources */,
				ED3C236F1E22A974004ED064 /* NSFileHandle+ZKAdditions.m in Sources */,
				ED3C23851E22AA06004ED064 /* ZKLog.m in Sources */,
				ED3C236D1E22A96D004ED064 /* NSDictionary+ZKAdditions.m in Sources */,
				ED3C237F1E22A9DE004ED064 /* ZKLFHeader.m in Sources */,
				ED3C237B1E22A9D1004ED064 /* ZKCDHeader.m in Sources */,
				ED3C23751E22A9B5004ED064 /* ZKArchive.m in Sources */,
				ED3C23731E22A9A5004ED064 /* NSString+ZKAdditions.m in Sources */,
				ED3C23711E22A979004ED064 /* NSFileManager+ZKAdditions.m in Sources */,
			);
			runOnlyForDeploymentPostprocessing = 0;
		};
/* End PBXSourcesBuildPhase section */

/* Begin XCBuildConfiguration section */
		CB6F09E1174838FC00F91524 /* Debug */ = {
			isa = XCBuildConfiguration;
			buildSettings = {
				ALWAYS_SEARCH_USER_PATHS = NO;
				CLANG_CXX_LANGUAGE_STANDARD = "gnu++0x";
				CLANG_CXX_LIBRARY = "libc++";
				CLANG_ENABLE_OBJC_ARC = YES;
				CLANG_WARN_BOOL_CONVERSION = YES;
				CLANG_WARN_CONSTANT_CONVERSION = YES;
				CLANG_WARN_EMPTY_BODY = YES;
				CLANG_WARN_ENUM_CONVERSION = YES;
				CLANG_WARN_INFINITE_RECURSION = YES;
				CLANG_WARN_INT_CONVERSION = YES;
				CLANG_WARN_SUSPICIOUS_MOVE = YES;
				CLANG_WARN_UNREACHABLE_CODE = YES;
				CLANG_WARN__DUPLICATE_METHOD_MATCH = YES;
				COPY_PHASE_STRIP = NO;
				ENABLE_STRICT_OBJC_MSGSEND = YES;
				ENABLE_TESTABILITY = YES;
				GCC_C_LANGUAGE_STANDARD = gnu99;
				GCC_DYNAMIC_NO_PIC = NO;
				GCC_ENABLE_OBJC_EXCEPTIONS = YES;
				GCC_NO_COMMON_BLOCKS = YES;
				GCC_OPTIMIZATION_LEVEL = 0;
				GCC_PREPROCESSOR_DEFINITIONS = (
					"DEBUG=1",
					"$(inherited)",
				);
				GCC_SYMBOLS_PRIVATE_EXTERN = NO;
				GCC_WARN_64_TO_32_BIT_CONVERSION = YES;
				GCC_WARN_ABOUT_RETURN_TYPE = YES;
				GCC_WARN_UNDECLARED_SELECTOR = YES;
				GCC_WARN_UNINITIALIZED_AUTOS = YES;
				GCC_WARN_UNUSED_FUNCTION = YES;
				GCC_WARN_UNUSED_VARIABLE = YES;
				MACOSX_DEPLOYMENT_TARGET = 10.8;
				ONLY_ACTIVE_ARCH = YES;
				SKIP_INSTALL = YES;
			};
			name = Debug;
		};
		CB6F09E2174838FC00F91524 /* Release */ = {
			isa = XCBuildConfiguration;
			buildSettings = {
				ALWAYS_SEARCH_USER_PATHS = NO;
				CLANG_CXX_LANGUAGE_STANDARD = "gnu++0x";
				CLANG_CXX_LIBRARY = "libc++";
				CLANG_ENABLE_OBJC_ARC = YES;
				CLANG_WARN_BOOL_CONVERSION = YES;
				CLANG_WARN_CONSTANT_CONVERSION = YES;
				CLANG_WARN_EMPTY_BODY = YES;
				CLANG_WARN_ENUM_CONVERSION = YES;
				CLANG_WARN_INFINITE_RECURSION = YES;
				CLANG_WARN_INT_CONVERSION = YES;
				CLANG_WARN_SUSPICIOUS_MOVE = YES;
				CLANG_WARN_UNREACHABLE_CODE = YES;
				CLANG_WARN__DUPLICATE_METHOD_MATCH = YES;
				COPY_PHASE_STRIP = YES;
				DEBUG_INFORMATION_FORMAT = "dwarf-with-dsym";
				ENABLE_STRICT_OBJC_MSGSEND = YES;
				GCC_C_LANGUAGE_STANDARD = gnu99;
				GCC_ENABLE_OBJC_EXCEPTIONS = YES;
				GCC_NO_COMMON_BLOCKS = YES;
				GCC_WARN_64_TO_32_BIT_CONVERSION = YES;
				GCC_WARN_ABOUT_RETURN_TYPE = YES;
				GCC_WARN_UNDECLARED_SELECTOR = YES;
				GCC_WARN_UNINITIALIZED_AUTOS = YES;
				GCC_WARN_UNUSED_FUNCTION = YES;
				GCC_WARN_UNUSED_VARIABLE = YES;
				MACOSX_DEPLOYMENT_TARGET = 10.8;
				SKIP_INSTALL = YES;
			};
			name = Release;
		};
		CB6F09E4174838FC00F91524 /* Debug */ = {
			isa = XCBuildConfiguration;
			buildSettings = {
				CLANG_ENABLE_OBJC_ARC = YES;
				COMBINE_HIDPI_IMAGES = YES;
				DYLIB_COMPATIBILITY_VERSION = 1;
				DYLIB_CURRENT_VERSION = 1;
				FRAMEWORK_VERSION = A;
				GCC_PRECOMPILE_PREFIX_HEADER = YES;
				GCC_PREFIX_HEADER = "ZipKit/ZipKit-Prefix.pch";
				INFOPLIST_FILE = "ZipKit/ZipKit-Info.plist";
				PRODUCT_BUNDLE_IDENTIFIER = com.voodooergonomics.ZipKit;
				PRODUCT_NAME = ZipKit;
				WRAPPER_EXTENSION = framework;
			};
			name = Debug;
		};
		CB6F09E5174838FC00F91524 /* Release */ = {
			isa = XCBuildConfiguration;
			buildSettings = {
				CLANG_ENABLE_OBJC_ARC = YES;
				COMBINE_HIDPI_IMAGES = YES;
				DYLIB_COMPATIBILITY_VERSION = 1;
				DYLIB_CURRENT_VERSION = 1;
				FRAMEWORK_VERSION = A;
				GCC_PRECOMPILE_PREFIX_HEADER = YES;
				GCC_PREFIX_HEADER = "ZipKit/ZipKit-Prefix.pch";
				INFOPLIST_FILE = "ZipKit/ZipKit-Info.plist";
				PRODUCT_BUNDLE_IDENTIFIER = com.voodooergonomics.ZipKit;
				PRODUCT_NAME = ZipKit;
				WRAPPER_EXTENSION = framework;
			};
			name = Release;
		};
		ED3C235F1E22A8A2004ED064 /* Debug */ = {
			isa = XCBuildConfiguration;
			buildSettings = {
				APPLICATION_EXTENSION_API_ONLY = YES;
				CLANG_ANALYZER_NONNULL = YES;
				CLANG_ENABLE_MODULES = YES;
				CLANG_WARN_BOOL_CONVERSION = YES;
				CLANG_WARN_DIRECT_OBJC_ISA_USAGE = YES_ERROR;
				CLANG_WARN_DOCUMENTATION_COMMENTS = YES;
				CLANG_WARN_INFINITE_RECURSION = YES;
				CLANG_WARN_OBJC_ROOT_CLASS = YES_ERROR;
				CLANG_WARN_SUSPICIOUS_MOVE = YES;
				CLANG_WARN_UNREACHABLE_CODE = YES;
				CODE_SIGN_IDENTITY = "";
				"CODE_SIGN_IDENTITY[sdk=iphoneos*]" = "";
				CURRENT_PROJECT_VERSION = 1;
				DEBUG_INFORMATION_FORMAT = dwarf;
				DEFINES_MODULE = YES;
				DEVELOPMENT_TEAM = "";
				DYLIB_COMPATIBILITY_VERSION = 1;
				DYLIB_CURRENT_VERSION = 1;
				DYLIB_INSTALL_NAME_BASE = "@rpath";
				ENABLE_STRICT_OBJC_MSGSEND = YES;
				ENABLE_TESTABILITY = YES;
				GCC_NO_COMMON_BLOCKS = YES;
				GCC_WARN_ABOUT_RETURN_TYPE = YES_ERROR;
				GCC_WARN_UNDECLARED_SELECTOR = YES;
				GCC_WARN_UNINITIALIZED_AUTOS = YES_AGGRESSIVE;
				GCC_WARN_UNUSED_FUNCTION = YES;
				INFOPLIST_FILE = "ZipKit iOS/Info.plist";
				INSTALL_PATH = "$(LOCAL_LIBRARY_DIR)/Frameworks";
				IPHONEOS_DEPLOYMENT_TARGET = 8.0;
				LD_RUNPATH_SEARCH_PATHS = "$(inherited) @executable_path/Frameworks @loader_path/Frameworks";
				MTL_ENABLE_DEBUG_INFO = YES;
				PRODUCT_BUNDLE_IDENTIFIER = com.llamagraphics.ZipKit;
				PRODUCT_NAME = ZipKit;
				SDKROOT = iphoneos;
				SKIP_INSTALL = YES;
				TARGETED_DEVICE_FAMILY = "1,2";
				VERSIONING_SYSTEM = "apple-generic";
				VERSION_INFO_PREFIX = "";
			};
			name = Debug;
		};
		ED3C23601E22A8A2004ED064 /* Release */ = {
			isa = XCBuildConfiguration;
			buildSettings = {
				APPLICATION_EXTENSION_API_ONLY = YES;
				CLANG_ANALYZER_NONNULL = YES;
				CLANG_ENABLE_MODULES = YES;
				CLANG_WARN_BOOL_CONVERSION = YES;
				CLANG_WARN_DIRECT_OBJC_ISA_USAGE = YES_ERROR;
				CLANG_WARN_DOCUMENTATION_COMMENTS = YES;
				CLANG_WARN_INFINITE_RECURSION = YES;
				CLANG_WARN_OBJC_ROOT_CLASS = YES_ERROR;
				CLANG_WARN_SUSPICIOUS_MOVE = YES;
				CLANG_WARN_UNREACHABLE_CODE = YES;
				CODE_SIGN_IDENTITY = "";
				"CODE_SIGN_IDENTITY[sdk=iphoneos*]" = "";
				COPY_PHASE_STRIP = NO;
				CURRENT_PROJECT_VERSION = 1;
				DEFINES_MODULE = YES;
				DEVELOPMENT_TEAM = "";
				DYLIB_COMPATIBILITY_VERSION = 1;
				DYLIB_CURRENT_VERSION = 1;
				DYLIB_INSTALL_NAME_BASE = "@rpath";
				ENABLE_NS_ASSERTIONS = NO;
				ENABLE_STRICT_OBJC_MSGSEND = YES;
				GCC_NO_COMMON_BLOCKS = YES;
				GCC_WARN_ABOUT_RETURN_TYPE = YES_ERROR;
				GCC_WARN_UNDECLARED_SELECTOR = YES;
				GCC_WARN_UNINITIALIZED_AUTOS = YES_AGGRESSIVE;
				GCC_WARN_UNUSED_FUNCTION = YES;
				INFOPLIST_FILE = "ZipKit iOS/Info.plist";
				INSTALL_PATH = "$(LOCAL_LIBRARY_DIR)/Frameworks";
				IPHONEOS_DEPLOYMENT_TARGET = 8.0;
				LD_RUNPATH_SEARCH_PATHS = "$(inherited) @executable_path/Frameworks @loader_path/Frameworks";
				MTL_ENABLE_DEBUG_INFO = NO;
				PRODUCT_BUNDLE_IDENTIFIER = com.llamagraphics.ZipKit;
				PRODUCT_NAME = ZipKit;
				SDKROOT = iphoneos;
				SKIP_INSTALL = YES;
				TARGETED_DEVICE_FAMILY = "1,2";
				VALIDATE_PRODUCT = YES;
				VERSIONING_SYSTEM = "apple-generic";
				VERSION_INFO_PREFIX = "";
			};
			name = Release;
		};
/* End XCBuildConfiguration section */

/* Begin XCConfigurationList section */
		CB6F09C8174838FC00F91524 /* Build configuration list for PBXProject "ZipKit" */ = {
			isa = XCConfigurationList;
			buildConfigurations = (
				CB6F09E1174838FC00F91524 /* Debug */,
				CB6F09E2174838FC00F91524 /* Release */,
			);
			defaultConfigurationIsVisible = 0;
			defaultConfigurationName = Release;
		};
		CB6F09E3174838FC00F91524 /* Build configuration list for PBXNativeTarget "ZipKit macOS" */ = {
			isa = XCConfigurationList;
			buildConfigurations = (
				CB6F09E4174838FC00F91524 /* Debug */,
				CB6F09E5174838FC00F91524 /* Release */,
			);
			defaultConfigurationIsVisible = 0;
			defaultConfigurationName = Release;
		};
		ED3C23611E22A8A2004ED064 /* Build configuration list for PBXNativeTarget "ZipKit iOS" */ = {
			isa = XCConfigurationList;
			buildConfigurations = (
				ED3C235F1E22A8A2004ED064 /* Debug */,
				ED3C23601E22A8A2004ED064 /* Release */,
			);
			defaultConfigurationIsVisible = 0;
		};
/* End XCConfigurationList section */
	};
	rootObject = CB6F09C5174838FC00F91524 /* Project object */;
}
